
Microsoft Visual Studio Solution File, Format Version 12.00
# Visual Studio 2012
Project("{FAE04EC0-301F-11D3-BF4B-00C04F79EFBC}") = "CompanyABC.TreeView.Web", "CompanyABC.TreeView.Web\CompanyABC.TreeView.Web.csproj", "{7BD2DB5B-2ADA-4B41-AB5E-3C7717EE5741}"
EndProject
Project("{FAE04EC0-301F-11D3-BF4B-00C04F79EFBC}") = "CompanyABC.TreeView.Web.Tests", "CompanyABC.TreeView.Web.Tests\CompanyABC.TreeView.Web.Tests.csproj", "{A2BA9664-A200-4D7E-B5CC-08C289ED4A68}"
EndProject
Project("{FAE04EC0-301F-11D3-BF4B-00C04F79EFBC}") = "CompanyABC.TreeView.DAL", "CompanyABC.TreeView.DAL\CompanyABC.TreeView.DAL.csproj", "{E9BC0877-0D37-4A4F-A34A-037D2C59670A}"
EndProject
Project("{FAE04EC0-301F-11D3-BF4B-00C04F79EFBC}") = "CompanyABC.Common", "CompanyABC.Common\CompanyABC.Common.csproj", "{46155EA3-2213-465B-87AC-4604697BB01A}"
EndProject
Project("{FAE04EC0-301F-11D3-BF4B-00C04F79EFBC}") = "CompanyABC.TreeView.DAL.UnitTests", "CompanyABC.TreeView.DAL.UnitTests\CompanyABC.TreeView.DAL.UnitTests.csproj", "{0523192F-8B95-4182-A6A5-3E0019382EB5}"
EndProject
Project("{FAE04EC0-301F-11D3-BF4B-00C04F79EFBC}") = "CompanyABC.Common.UnitTests", "CompanyABC.Common.UnitTests\CompanyABC.Common.UnitTests.csproj", "{C0BDDA0A-A447-48E2-8F4D-3F3A75614030}"
EndProject
Global
	GlobalSection(SolutionConfigurationPlatforms) = preSolution
		Debug|Any CPU = Debug|Any CPU
		Release|Any CPU = Release|Any CPU
	EndGlobalSection
	GlobalSection(ProjectConfigurationPlatforms) = postSolution
		{7BD2DB5B-2ADA-4B41-AB5E-3C7717EE5741}.Debug|Any CPU.ActiveCfg = Debug|Any CPU
		{7BD2DB5B-2ADA-4B41-AB5E-3C7717EE5741}.Debug|Any CPU.Build.0 = Debug|Any CPU
		{7BD2DB5B-2ADA-4B41-AB5E-3C7717EE5741}.Release|Any CPU.ActiveCfg = Release|Any CPU
		{7BD2DB5B-2ADA-4B41-AB5E-3C7717EE5741}.Release|Any CPU.Build.0 = Release|Any CPU
		{A2BA9664-A200-4D7E-B5CC-08C289ED4A68}.Debug|Any CPU.ActiveCfg = Debug|Any CPU
		{A2BA9664-A200-4D7E-B5CC-08C289ED4A68}.Debug|Any CPU.Build.0 = Debug|Any CPU
		{A2BA9664-A200-4D7E-B5CC-08C289ED4A68}.Release|Any CPU.ActiveCfg = Release|Any CPU
		{A2BA9664-A200-4D7E-B5CC-08C289ED4A68}.Release|Any CPU.Build.0 = Release|Any CPU
		{E9BC0877-0D37-4A4F-A34A-037D2C59670A}.Debug|Any CPU.ActiveCfg = Debug|Any CPU
		{E9BC0877-0D37-4A4F-A34A-037D2C59670A}.Debug|Any CPU.Build.0 = Debug|Any CPU
		{E9BC0877-0D37-4A4F-A34A-037D2C59670A}.Release|Any CPU.ActiveCfg = Release|Any CPU
		{E9BC0877-0D37-4A4F-A34A-037D2C59670A}.Release|Any CPU.Build.0 = Release|Any CPU
		{46155EA3-2213-465B-87AC-4604697BB01A}.Debug|Any CPU.ActiveCfg = Debug|Any CPU
		{46155EA3-2213-465B-87AC-4604697BB01A}.Debug|Any CPU.Build.0 = Debug|Any CPU
		{46155EA3-2213-465B-87AC-4604697BB01A}.Release|Any CPU.ActiveCfg = Release|Any CPU
		{46155EA3-2213-465B-87AC-4604697BB01A}.Release|Any CPU.Build.0 = Release|Any CPU
		{0523192F-8B95-4182-A6A5-3E0019382EB5}.Debug|Any CPU.ActiveCfg = Debug|Any CPU
		{0523192F-8B95-4182-A6A5-3E0019382EB5}.Debug|Any CPU.Build.0 = Debug|Any CPU
		{0523192F-8B95-4182-A6A5-3E0019382EB5}.Release|Any CPU.ActiveCfg = Release|Any CPU
		{0523192F-8B95-4182-A6A5-3E0019382EB5}.Release|Any CPU.Build.0 = Release|Any CPU
		{C0BDDA0A-A447-48E2-8F4D-3F3A75614030}.Debug|Any CPU.ActiveCfg = Debug|Any CPU
		{C0BDDA0A-A447-48E2-8F4D-3F3A75614030}.Debug|Any CPU.Build.0 = Debug|Any CPU
		{C0BDDA0A-A447-48E2-8F4D-3F3A75614030}.Release|Any CPU.ActiveCfg = Release|Any CPU
		{C0BDDA0A-A447-48E2-8F4D-3F3A75614030}.Release|Any CPU.Build.0 = Release|Any CPU
	EndGlobalSection
	GlobalSection(SolutionProperties) = preSolution
		HideSolutionNode = FALSE
	EndGlobalSection
EndGlobal
